<?xml version="1.0" encoding="utf-8"?>
<Project ToolsVersion="4.0" xmlns="http://schemas.microsoft.com/developer/msbuild/2003">
  <ItemGroup>
    <Filter Include="Source Files">
      <UniqueIdentifier>{4FC737F1-C7A5-4376-A066-2A32D752A2FF}</UniqueIdentifier>
      <Extensions>cpp;c;cc;cxx;c++;cppm;ixx;def;odl;idl;hpj;bat;asm;asmx</Extensions>
    </Filter>
    <Filter Include="Header Files">
      <UniqueIdentifier>{93995380-89BD-4b04-88EB-625FBE52EBFB}</UniqueIdentifier>
      <Extensions>h;hh;hpp;hxx;h++;hm;inl;inc;ipp;xsd</Extensions>
    </Filter>
    <Filter Include="Resource Files">
      <UniqueIdentifier>{67DA6AB6-F800-4c08-8B7A-83BB121AAD01}</UniqueIdentifier>
      <Extensions>rc;ico;cur;bmp;dlg;rc2;rct;bin;rgs;gif;jpg;jpeg;jpe;resx;tiff;tif;png;wav;mfcribbon-ms</Extensions>
    </Filter>
    <Filter Include="Header Files\DB">
      <UniqueIdentifier>{6fee0401-a6a6-42fc-a759-78c5d1e0fe5c}</UniqueIdentifier>
    </Filter>
    <Filter Include="Source Files\DB">
      <UniqueIdentifier>{f44eb30a-bef9-4803-900b-e78ba6a145cf}</UniqueIdentifier>
    </Filter>
    <Filter Include="Header Files\AddBD">
      <UniqueIdentifier>{7cc2cabf-9006-443f-a29a-213444ef8b72}</UniqueIdentifier>
    </Filter>
    <Filter Include="Header Files\Actions">
      <UniqueIdentifier>{8c2a1dcc-4aa0-4d47-9fb6-b3a782a2b28a}</UniqueIdentifier>
    </Filter>
    <Filter Include="Source Files\Actions">
      <UniqueIdentifier>{06e9811d-4460-4713-93aa-52c9f525dcb8}</UniqueIdentifier>
    </Filter>
  </ItemGroup>
  <ItemGroup>
    <ClCompile Include="Source.cpp">
      <Filter>Source Files</Filter>
    </ClCompile>
    <ClCompile Include="SocketAndCommand.cpp">
      <Filter>Source Files</Filter>
    </ClCompile>
    <ClCompile Include="TelnetInputer.cpp">
      <Filter>Source Files</Filter>
    </ClCompile>
    <ClCompile Include="OutputClient.cpp">
      <Filter>Source Files</Filter>
    </ClCompile>
    <ClCompile Include="..\..\Loger\Loger\Logger.cpp">
      <Filter>Source Files</Filter>
    </ClCompile>
    <ClCompile Include="..\..\Loger\Loger\SingletonLogger.cpp">
      <Filter>Source Files</Filter>
    </ClCompile>
    <ClCompile Include="Processor.cpp">
      <Filter>Source Files</Filter>
    </ClCompile>
    <ClCompile Include="Tokenizer.cpp">
      <Filter>Source Files</Filter>
    </ClCompile>
    <ClCompile Include="ReadCDR.cpp">
      <Filter>Source Files</Filter>
    </ClCompile>
    <ClCompile Include="DataBase.cpp">
      <Filter>Source Files\DB</Filter>
    </ClCompile>
    <ClCompile Include="Reader.cpp">
      <Filter>Source Files</Filter>
    </ClCompile>
    <ClCompile Include="AddSmsIn.cpp">
      <Filter>Source Files\Actions</Filter>
    </ClCompile>
    <ClCompile Include="AddSmsOut.cpp">
      <Filter>Source Files\Actions</Filter>
    </ClCompile>
    <ClCompile Include="AddVoiceIn.cpp">
      <Filter>Source Files\Actions</Filter>
    </ClCompile>
    <ClCompile Include="AddVoiceOut.cpp">
      <Filter>Source Files\Actions</Filter>
    </ClCompile>
    <ClCompile Include="AddData.cpp">
      <Filter>Source Files\Actions</Filter>
    </ClCompile>
    <ClCompile Include="DB\ClientBillingDomain.cpp">
      <Filter>Source Files\DB</Filter>
    </ClCompile>
    <ClCompile Include="DB\DataBase.cpp">
      <Filter>Source Files\DB</Filter>
    </ClCompile>
    <ClCompile Include="DB\OperatorBillingDomain.cpp">
      <Filter>Source Files\DB</Filter>
    </ClCompile>
  </ItemGroup>
  <ItemGroup>
    <ClInclude Include="NetworkHandler.h">
      <Filter>Header Files</Filter>
    </ClInclude>
    <ClInclude Include="CyclicQueue.h">
      <Filter>Header Files</Filter>
    </ClInclude>
    <ClInclude Include="SemaphoreException.h">
      <Filter>Header Files</Filter>
    </ClInclude>
    <ClInclude Include="SocketAndCommand.h">
      <Filter>Header Files</Filter>
    </ClInclude>
    <ClInclude Include="TelnetInputer.h">
      <Filter>Header Files</Filter>
    </ClInclude>
    <ClInclude Include="OutputClient.h">
      <Filter>Header Files</Filter>
    </ClInclude>
    <ClInclude Include="inputer.h">
      <Filter>Header Files</Filter>
    </ClInclude>
    <ClInclude Include="..\..\Loger\Loger\Logger.h">
      <Filter>Header Files</Filter>
    </ClInclude>
    <ClInclude Include="..\..\Loger\Loger\SingletonLogger.h">
      <Filter>Header Files</Filter>
    </ClInclude>
    <ClInclude Include="Processor.h">
      <Filter>Header Files</Filter>
    </ClInclude>
    <ClInclude Include="Tokenizer.h">
      <Filter>Header Files</Filter>
    </ClInclude>
    <ClInclude Include="ReadCDR.h">
      <Filter>Header Files</Filter>
    </ClInclude>
    <ClInclude Include="DataBase.h">
      <Filter>Header Files\DB</Filter>
    </ClInclude>
    <ClInclude Include="OperatorBillingDomain.h">
      <Filter>Header Files\DB</Filter>
    </ClInclude>
    <ClInclude Include="Reader.h">
      <Filter>Header Files</Filter>
    </ClInclude>
    <ClInclude Include="DB\ClientBillingDomain.h">
      <Filter>Header Files\DB</Filter>
    </ClInclude>
    <ClInclude Include="AddSmsIn.h">
      <Filter>Header Files\Actions</Filter>
    </ClInclude>
    <ClInclude Include="Action.h">
      <Filter>Header Files\Actions</Filter>
    </ClInclude>
    <ClInclude Include="AddSmsOut.h">
      <Filter>Header Files\Actions</Filter>
    </ClInclude>
    <ClInclude Include="AddVoiceIn.h">
      <Filter>Header Files\Actions</Filter>
    </ClInclude>
    <ClInclude Include="AddVoiceOut.h">
      <Filter>Header Files\Actions</Filter>
    </ClInclude>
    <ClInclude Include="AddData.h">
      <Filter>Header Files\Actions</Filter>
    </ClInclude>
    <ClInclude Include="AddNothing.h">
      <Filter>Header Files\Actions</Filter>
    </ClInclude>
  </ItemGroup>
</Project>